
Microsoft Visual Studio Solution File, Format Version 12.00
# Visual Studio Version 17
VisualStudioVersion = 17.1.32414.318
MinimumVisualStudioVersion = 10.0.40219.1
Project("{FAE04EC0-301F-11D3-BF4B-00C04F79EFBC}") = "Dip", "Dip\Dip.csproj", "{7BD45B9C-F842-4473-935E-267092D7981C}"
EndProject
Global
	GlobalSection(SolutionConfigurationPlatforms) = preSolution
		Debug|Any CPU = Debug|Any CPU
		Release|Any CPU = Release|Any CPU
	EndGlobalSection
	GlobalSection(ProjectConfigurationPlatforms) = postSolution
		{7BD45B9C-F842-4473-935E-267092D7981C}.Debug|Any CPU.ActiveCfg = Debug|Any CPU
		{7BD45B9C-F842-4473-935E-267092D7981C}.Debug|Any CPU.Build.0 = Debug|Any CPU
		{7BD45B9C-F842-4473-935E-267092D7981C}.Release|Any CPU.ActiveCfg = Release|Any CPU
		{7BD45B9C-F842-4473-935E-267092D7981C}.Release|Any CPU.Build.0 = Release|Any CPU
	EndGlobalSection
	GlobalSection(SolutionProperties) = preSolution
		HideSolutionNode = FALSE
	EndGlobalSection
	GlobalSection(ExtensibilityGlobals) = postSolution
		SolutionGuid = {EF77D3C6-2D23-4F2D-A003-099873A27629}
	EndGlobalSection
EndGlobal
